
Microsoft Visual Studio Solution File, Format Version 12.00
# Visual Studio Version 16
VisualStudioVersion = 16.0.30709.64
MinimumVisualStudioVersion = 10.0.40219.1
Project("{9A19103F-16F7-4668-BE54-9A1E7A4F7556}") = "CharityCalculator", "CharityCalculator\CharityCalculator.csproj", "{EBE7E64E-C849-4EAC-B072-CF877058A665}"
EndProject
Project("{FAE04EC0-301F-11D3-BF4B-00C04F79EFBC}") = "CharityTest", "CharityTest\CharityTest.csproj", "{975CFA1E-4C10-4A53-9413-04107267202E}"
EndProject
Global
	GlobalSection(SolutionConfigurationPlatforms) = preSolution
		Debug|Any CPU = Debug|Any CPU
		Release|Any CPU = Release|Any CPU
	EndGlobalSection
	GlobalSection(ProjectConfigurationPlatforms) = postSolution
		{EBE7E64E-C849-4EAC-B072-CF877058A665}.Debug|Any CPU.ActiveCfg = Debug|Any CPU
		{EBE7E64E-C849-4EAC-B072-CF877058A665}.Debug|Any CPU.Build.0 = Debug|Any CPU
		{EBE7E64E-C849-4EAC-B072-CF877058A665}.Release|Any CPU.ActiveCfg = Release|Any CPU
		{EBE7E64E-C849-4EAC-B072-CF877058A665}.Release|Any CPU.Build.0 = Release|Any CPU
		{975CFA1E-4C10-4A53-9413-04107267202E}.Debug|Any CPU.ActiveCfg = Debug|Any CPU
		{975CFA1E-4C10-4A53-9413-04107267202E}.Debug|Any CPU.Build.0 = Debug|Any CPU
		{975CFA1E-4C10-4A53-9413-04107267202E}.Release|Any CPU.ActiveCfg = Release|Any CPU
		{975CFA1E-4C10-4A53-9413-04107267202E}.Release|Any CPU.Build.0 = Release|Any CPU
	EndGlobalSection
	GlobalSection(SolutionProperties) = preSolution
		HideSolutionNode = FALSE
	EndGlobalSection
	GlobalSection(ExtensibilityGlobals) = postSolution
		SolutionGuid = {0B6A81B4-A21B-447D-860C-C0ACBF142CF6}
	EndGlobalSection
EndGlobal
